<?xml version="1.0" encoding="UTF-8" standalone="yes" ?>
<CodeBlocks_project_file>
	<FileVersion major="1" minor="6" />
	<Project>
		<Option title="SpacecraftMechs" />
		<Option pch_mode="2" />
		<Option compiler="gcc" />
		<Build>
			<Target title="DebugSharedLib">
				<Option output="bin\DebugWin32\SpacecraftMechs" prefix_auto="1" extension_auto="1" />
				<Option object_output="obj\DebugWin32\" />
				<Option type="3" />
				<Option compiler="gcc" />
				<Compiler>
					<Add option="-g" />
				</Compiler>
			</Target>
			<Target title="ReleaseSharedLib">
				<Option output="bin\ReleaseWin32\SpacecraftMechs" prefix_auto="1" extension_auto="1" />
				<Option object_output="obj\ReleaseWin32\" />
				<Option type="3" />
				<Option compiler="gcc" />
				<Compiler>
					<Add option="-O3" />
				</Compiler>
				<Linker>
					<Add option="-s" />
				</Linker>
			</Target>
			<Target title="DebugDemoWin32">
				<Option output="SpacecraftMechs" prefix_auto="1" extension_auto="1" />
				<Option type="0" />
				<Option compiler="gcc" />
				<Linker>
					<Add option="-lopengl32" />
					<Add option="-lglu32" />
				</Linker>
			</Target>
			<Target title="ReleaseDemoWin32">
				<Option output="SpacecraftMechs" prefix_auto="1" extension_auto="1" />
				<Option type="0" />
				<Option compiler="gcc" />
				<Linker>
					<Add option="-lopengl32" />
					<Add option="-lglu32" />
				</Linker>
			</Target>
			<Target title="DebugDemoLinux">
				<Option output="SpacecraftMechs" prefix_auto="1" extension_auto="1" />
				<Option type="0" />
				<Option compiler="gcc" />
				<Linker>
					<Add option="-lGL" />
					<Add option="-lGLU" />
					<Add option="-lSDL" />
				</Linker>
			</Target>
			<Target title="ReleaseDemoLinux">
				<Option output="SpacecraftMechs" prefix_auto="1" extension_auto="1" />
				<Option type="0" />
				<Option compiler="gcc" />
				<Linker>
					<Add option="-lGL" />
					<Add option="-lGLU" />
					<Add option="-lSDL" />
				</Linker>
			</Target>
		</Build>
		<Compiler>
			<Add option="-Wall" />
		</Compiler>
		<Unit filename="CWrapper\CWrapper.cpp">
			<Option target="DebugSharedLib" />
			<Option target="ReleaseSharedLib" />
		</Unit>
		<Unit filename="CWrapper\CWrapper.hpp">
			<Option target="&lt;{~None~}&gt;" />
		</Unit>
		<Unit filename="MathTools\GeometryTools.hpp">
			<Option target="&lt;{~None~}&gt;" />
		</Unit>
		<Unit filename="MathTools\PascalTriangle.hpp">
			<Option target="&lt;{~None~}&gt;" />
		</Unit>
		<Unit filename="MathTools\Quaternion.hpp">
			<Option target="&lt;{~None~}&gt;" />
		</Unit>
		<Unit filename="MathTools\StaticMath.hpp">
			<Option target="&lt;{~None~}&gt;" />
		</Unit>
		<Unit filename="MathTools\TimeLineVar.hpp">
			<Option target="&lt;{~None~}&gt;" />
		</Unit>
		<Unit filename="MathTools\Vector.hpp">
			<Option target="&lt;{~None~}&gt;" />
		</Unit>
		<Unit filename="Mechanics\AutomaticIo.hpp">
			<Option target="&lt;{~None~}&gt;" />
		</Unit>
		<Unit filename="Mechanics\AutomaticSystem.hpp">
			<Option target="&lt;{~None~}&gt;" />
		</Unit>
		<Unit filename="Mechanics\PhysicalObject.hpp">
			<Option target="&lt;{~None~}&gt;" />
		</Unit>
		<Unit filename="SpaceCraft\SpaceCraft.cpp" />
		<Unit filename="SpaceCraft\SpaceCraft.hpp">
			<Option target="&lt;{~None~}&gt;" />
		</Unit>
		<Unit filename="factory\vertex.c">
			<Option compilerVar="CC" />
			<Option target="DebugDemoWin32" />
			<Option target="ReleaseDemoWin32" />
			<Option target="ReleaseDemoLinux" />
			<Option target="DebugDemoLinux" />
		</Unit>
		<Unit filename="factory\vertex.h">
			<Option target="&lt;{~None~}&gt;" />
		</Unit>
		<Unit filename="main.cpp">
			<Option target="DebugDemoWin32" />
			<Option target="ReleaseDemoWin32" />
			<Option target="ReleaseDemoLinux" />
			<Option target="DebugDemoLinux" />
		</Unit>
		<Extensions>
			<code_completion />
			<debugger />
			<envvars />
		</Extensions>
	</Project>
</CodeBlocks_project_file>
